
Microsoft Visual Studio Solution File, Format Version 12.00
# Visual Studio Version 16
VisualStudioVersion = 16.0.31613.86
MinimumVisualStudioVersion = 10.0.40219.1
Project("{FAE04EC0-301F-11D3-BF4B-00C04F79EFBC}") = "prs-server", "prs-server\prs-server.csproj", "{60717D0D-D8A5-4466-8F4F-4CDC37DD9DD8}"
EndProject
Global
	GlobalSection(SolutionConfigurationPlatforms) = preSolution
		Debug|Any CPU = Debug|Any CPU
		Release|Any CPU = Release|Any CPU
	EndGlobalSection
	GlobalSection(ProjectConfigurationPlatforms) = postSolution
		{60717D0D-D8A5-4466-8F4F-4CDC37DD9DD8}.Debug|Any CPU.ActiveCfg = Debug|Any CPU
		{60717D0D-D8A5-4466-8F4F-4CDC37DD9DD8}.Debug|Any CPU.Build.0 = Debug|Any CPU
		{60717D0D-D8A5-4466-8F4F-4CDC37DD9DD8}.Release|Any CPU.ActiveCfg = Release|Any CPU
		{60717D0D-D8A5-4466-8F4F-4CDC37DD9DD8}.Release|Any CPU.Build.0 = Release|Any CPU
	EndGlobalSection
	GlobalSection(SolutionProperties) = preSolution
		HideSolutionNode = FALSE
	EndGlobalSection
	GlobalSection(ExtensibilityGlobals) = postSolution
		SolutionGuid = {6A8D7A00-1662-4A6D-A866-93935DDEA7F6}
	EndGlobalSection
EndGlobal
